// !$*UTF8*$!
{
	archiveVersion = 1;
	classes = {
	};
	objectVersion = 51;
	objects = {

/* Begin PBXBuildFile section */
		44209BC626FC8A1A00C11555 /* AppDelegate.swift in Sources */ = {isa = PBXBuildFile; fileRef = 44209BC526FC8A1A00C11555 /* AppDelegate.swift */; };
		44209BC826FC8A1A00C11555 /* SceneDelegate.swift in Sources */ = {isa = PBXBuildFile; fileRef = 44209BC726FC8A1A00C11555 /* SceneDelegate.swift */; };
		44209BCA26FC8A1A00C11555 /* HomeViewController.swift in Sources */ = {isa = PBXBuildFile; fileRef = 44209BC926FC8A1A00C11555 /* HomeViewController.swift */; };
		44209BCD26FC8A1A00C11555 /* Main.storyboard in Resources */ = {isa = PBXBuildFile; fileRef = 44209BCB26FC8A1A00C11555 /* Main.storyboard */; };
		44209BCF26FC8A2200C11555 /* Assets.xcassets in Resources */ = {isa = PBXBuildFile; fileRef = 44209BCE26FC8A2200C11555 /* Assets.xcassets */; };
		44209BD226FC8A2200C11555 /* LaunchScreen.storyboard in Resources */ = {isa = PBXBuildFile; fileRef = 44209BD026FC8A2200C11555 /* LaunchScreen.storyboard */; };
		442A83092708C925006D2082 /* AuthManager.swift in Sources */ = {isa = PBXBuildFile; fileRef = 442A83082708C925006D2082 /* AuthManager.swift */; };
		442A830B2708CA02006D2082 /* DatabaseManager.swift in Sources */ = {isa = PBXBuildFile; fileRef = 442A830A2708CA02006D2082 /* DatabaseManager.swift */; };
		442A830D2708CA35006D2082 /* StorageManager.swift in Sources */ = {isa = PBXBuildFile; fileRef = 442A830C2708CA35006D2082 /* StorageManager.swift */; };
		44339FEE270B77080030F2EB /* StartUpViewController.swift in Sources */ = {isa = PBXBuildFile; fileRef = 44339FED270B77080030F2EB /* StartUpViewController.swift */; };
		447B4F452707647C0084FC98 /* MedsViewController.swift in Sources */ = {isa = PBXBuildFile; fileRef = 447B4F442707647C0084FC98 /* MedsViewController.swift */; };
		447B4F47270764990084FC98 /* JournalViewController.swift in Sources */ = {isa = PBXBuildFile; fileRef = 447B4F46270764990084FC98 /* JournalViewController.swift */; };
		447B4F4C2707651F0084FC98 /* LogInViewController.swift in Sources */ = {isa = PBXBuildFile; fileRef = 447B4F4B2707651F0084FC98 /* LogInViewController.swift */; };
		447B4F4E270765360084FC98 /* RegistrationViewController.swift in Sources */ = {isa = PBXBuildFile; fileRef = 447B4F4D270765360084FC98 /* RegistrationViewController.swift */; };
		447B4F50270767AF0084FC98 /* AddMedViewController.swift in Sources */ = {isa = PBXBuildFile; fileRef = 447B4F4F270767AF0084FC98 /* AddMedViewController.swift */; };
		447B4F52270767BB0084FC98 /* EditMedViewController.swift in Sources */ = {isa = PBXBuildFile; fileRef = 447B4F51270767BB0084FC98 /* EditMedViewController.swift */; };
		44BF06CA2708BED300DEDA8D /* GoogleService-Info.plist in Resources */ = {isa = PBXBuildFile; fileRef = 44BF06C92708BED300DEDA8D /* GoogleService-Info.plist */; };
		EC2D59F28CA79D754F913DFA /* Pods_Clynical.framework in Frameworks */ = {isa = PBXBuildFile; fileRef = 5627C43563BEB0DCF42B1707 /* Pods_Clynical.framework */; };
/* End PBXBuildFile section */

/* Begin PBXFileReference section */
		44209BC226FC8A1A00C11555 /* Clynical.app */ = {isa = PBXFileReference; explicitFileType = wrapper.application; includeInIndex = 0; path = Clynical.app; sourceTree = BUILT_PRODUCTS_DIR; };
		44209BC526FC8A1A00C11555 /* AppDelegate.swift */ = {isa = PBXFileReference; lastKnownFileType = sourcecode.swift; path = AppDelegate.swift; sourceTree = "<group>"; };
		44209BC726FC8A1A00C11555 /* SceneDelegate.swift */ = {isa = PBXFileReference; lastKnownFileType = sourcecode.swift; path = SceneDelegate.swift; sourceTree = "<group>"; };
		44209BC926FC8A1A00C11555 /* HomeViewController.swift */ = {isa = PBXFileReference; lastKnownFileType = sourcecode.swift; path = HomeViewController.swift; sourceTree = "<group>"; };
		44209BCC26FC8A1A00C11555 /* Base */ = {isa = PBXFileReference; lastKnownFileType = file.storyboard; name = Base; path = Base.lproj/Main.storyboard; sourceTree = "<group>"; };
		44209BCE26FC8A2200C11555 /* Assets.xcassets */ = {isa = PBXFileReference; lastKnownFileType = folder.assetcatalog; path = Assets.xcassets; sourceTree = "<group>"; };
		44209BD126FC8A2200C11555 /* Base */ = {isa = PBXFileReference; lastKnownFileType = file.storyboard; name = Base; path = Base.lproj/LaunchScreen.storyboard; sourceTree = "<group>"; };
		44209BD326FC8A2200C11555 /* Info.plist */ = {isa = PBXFileReference; lastKnownFileType = text.plist.xml; path = Info.plist; sourceTree = "<group>"; };
		442A83082708C925006D2082 /* AuthManager.swift */ = {isa = PBXFileReference; lastKnownFileType = sourcecode.swift; name = AuthManager.swift; path = ../../../../../../../Applications/AuthManager.swift; sourceTree = "<group>"; };
		442A830A2708CA02006D2082 /* DatabaseManager.swift */ = {isa = PBXFileReference; lastKnownFileType = sourcecode.swift; path = DatabaseManager.swift; sourceTree = "<group>"; };
		442A830C2708CA35006D2082 /* StorageManager.swift */ = {isa = PBXFileReference; lastKnownFileType = sourcecode.swift; path = StorageManager.swift; sourceTree = "<group>"; };
		44339FED270B77080030F2EB /* StartUpViewController.swift */ = {isa = PBXFileReference; lastKnownFileType = sourcecode.swift; path = StartUpViewController.swift; sourceTree = "<group>"; };
		447B4F442707647C0084FC98 /* MedsViewController.swift */ = {isa = PBXFileReference; lastKnownFileType = sourcecode.swift; path = MedsViewController.swift; sourceTree = "<group>"; };
		447B4F46270764990084FC98 /* JournalViewController.swift */ = {isa = PBXFileReference; lastKnownFileType = sourcecode.swift; path = JournalViewController.swift; sourceTree = "<group>"; };
		447B4F4B2707651F0084FC98 /* LogInViewController.swift */ = {isa = PBXFileReference; lastKnownFileType = sourcecode.swift; path = LogInViewController.swift; sourceTree = "<group>"; };
		447B4F4D270765360084FC98 /* RegistrationViewController.swift */ = {isa = PBXFileReference; lastKnownFileType = sourcecode.swift; path = RegistrationViewController.swift; sourceTree = "<group>"; };
		447B4F4F270767AF0084FC98 /* AddMedViewController.swift */ = {isa = PBXFileReference; lastKnownFileType = sourcecode.swift; path = AddMedViewController.swift; sourceTree = "<group>"; };
		447B4F51270767BB0084FC98 /* EditMedViewController.swift */ = {isa = PBXFileReference; lastKnownFileType = sourcecode.swift; path = EditMedViewController.swift; sourceTree = "<group>"; };
		44BF06C92708BED300DEDA8D /* GoogleService-Info.plist */ = {isa = PBXFileReference; fileEncoding = 4; lastKnownFileType = text.plist.xml; path = "GoogleService-Info.plist"; sourceTree = "<group>"; };
		5627C43563BEB0DCF42B1707 /* Pods_Clynical.framework */ = {isa = PBXFileReference; explicitFileType = wrapper.framework; includeInIndex = 0; path = Pods_Clynical.framework; sourceTree = BUILT_PRODUCTS_DIR; };
		6F086CBA4F9A9DF627F24BAC /* Pods-Clynical.debug.xcconfig */ = {isa = PBXFileReference; includeInIndex = 1; lastKnownFileType = text.xcconfig; name = "Pods-Clynical.debug.xcconfig"; path = "Target Support Files/Pods-Clynical/Pods-Clynical.debug.xcconfig"; sourceTree = "<group>"; };
		6F3B5D533DD00E3EED6EAE6E /* Pods-Clynical.release.xcconfig */ = {isa = PBXFileReference; includeInIndex = 1; lastKnownFileType = text.xcconfig; name = "Pods-Clynical.release.xcconfig"; path = "Target Support Files/Pods-Clynical/Pods-Clynical.release.xcconfig"; sourceTree = "<group>"; };
/* End PBXFileReference section */

/* Begin PBXFrameworksBuildPhase section */
		44209BBF26FC8A1A00C11555 /* Frameworks */ = {
			isa = PBXFrameworksBuildPhase;
			buildActionMask = 2147483647;
			files = (
				EC2D59F28CA79D754F913DFA /* Pods_Clynical.framework in Frameworks */,
			);
			runOnlyForDeploymentPostprocessing = 0;
		};
/* End PBXFrameworksBuildPhase section */

/* Begin PBXGroup section */
		321511437FDD08E465AB3131 /* Pods */ = {
			isa = PBXGroup;
			children = (
				6F086CBA4F9A9DF627F24BAC /* Pods-Clynical.debug.xcconfig */,
				6F3B5D533DD00E3EED6EAE6E /* Pods-Clynical.release.xcconfig */,
			);
			path = Pods;
			sourceTree = "<group>";
		};
		44209BB926FC8A1A00C11555 = {
			isa = PBXGroup;
			children = (
				44209BC426FC8A1A00C11555 /* Clynical */,
				44209BC326FC8A1A00C11555 /* Products */,
				321511437FDD08E465AB3131 /* Pods */,
				99B47E906F16747D4AAAF522 /* Frameworks */,
			);
			sourceTree = "<group>";
		};
		44209BC326FC8A1A00C11555 /* Products */ = {
			isa = PBXGroup;
			children = (
				44209BC226FC8A1A00C11555 /* Clynical.app */,
			);
			name = Products;
			sourceTree = "<group>";
		};
		44209BC426FC8A1A00C11555 /* Clynical */ = {
			isa = PBXGroup;
			children = (
				447B4F42270762DC0084FC98 /* Resources */,
				447B4F41270762D70084FC98 /* Models */,
				447B4F40270762C30084FC98 /* Views */,
				447B4F3F270762BD0084FC98 /* Controllers */,
			);
			path = Clynical;
			sourceTree = "<group>";
		};
		442A83072708C6AC006D2082 /* General */ = {
			isa = PBXGroup;
			children = (
				447B4F4F270767AF0084FC98 /* AddMedViewController.swift */,
				447B4F51270767BB0084FC98 /* EditMedViewController.swift */,
			);
			path = General;
			sourceTree = "<group>";
		};
		447B4F3F270762BD0084FC98 /* Controllers */ = {
			isa = PBXGroup;
			children = (
				447B4F49270764F20084FC98 /* Other */,
				447B4F48270764AD0084FC98 /* Core Tabs */,
			);
			path = Controllers;
			sourceTree = "<group>";
		};
		447B4F40270762C30084FC98 /* Views */ = {
			isa = PBXGroup;
			children = (
				44209BCE26FC8A2200C11555 /* Assets.xcassets */,
				447B4F43270763210084FC98 /* Storyboards */,
			);
			path = Views;
			sourceTree = "<group>";
		};
		447B4F41270762D70084FC98 /* Models */ = {
			isa = PBXGroup;
			children = (
				442A83082708C925006D2082 /* AuthManager.swift */,
				442A830A2708CA02006D2082 /* DatabaseManager.swift */,
				442A830C2708CA35006D2082 /* StorageManager.swift */,
			);
			path = Models;
			sourceTree = "<group>";
		};
		447B4F42270762DC0084FC98 /* Resources */ = {
			isa = PBXGroup;
			children = (
				44209BD326FC8A2200C11555 /* Info.plist */,
				44209BC526FC8A1A00C11555 /* AppDelegate.swift */,
				44209BC726FC8A1A00C11555 /* SceneDelegate.swift */,
				44BF06C92708BED300DEDA8D /* GoogleService-Info.plist */,
			);
			path = Resources;
			sourceTree = "<group>";
		};
		447B4F43270763210084FC98 /* Storyboards */ = {
			isa = PBXGroup;
			children = (
				44209BCB26FC8A1A00C11555 /* Main.storyboard */,
				44209BD026FC8A2200C11555 /* LaunchScreen.storyboard */,
			);
			path = Storyboards;
			sourceTree = "<group>";
		};
		447B4F48270764AD0084FC98 /* Core Tabs */ = {
			isa = PBXGroup;
			children = (
				44209BC926FC8A1A00C11555 /* HomeViewController.swift */,
				447B4F442707647C0084FC98 /* MedsViewController.swift */,
				447B4F46270764990084FC98 /* JournalViewController.swift */,
			);
			path = "Core Tabs";
			sourceTree = "<group>";
		};
		447B4F49270764F20084FC98 /* Other */ = {
			isa = PBXGroup;
			children = (
				442A83072708C6AC006D2082 /* General */,
				447B4F4A270764F90084FC98 /* Onboarding */,
			);
			path = Other;
			sourceTree = "<group>";
		};
		447B4F4A270764F90084FC98 /* Onboarding */ = {
			isa = PBXGroup;
			children = (
				44339FED270B77080030F2EB /* StartUpViewController.swift */,
				447B4F4B2707651F0084FC98 /* LogInViewController.swift */,
				447B4F4D270765360084FC98 /* RegistrationViewController.swift */,
			);
			path = Onboarding;
			sourceTree = "<group>";
		};
		99B47E906F16747D4AAAF522 /* Frameworks */ = {
			isa = PBXGroup;
			children = (
				5627C43563BEB0DCF42B1707 /* Pods_Clynical.framework */,
			);
			name = Frameworks;
			sourceTree = "<group>";
		};
/* End PBXGroup section */

/* Begin PBXNativeTarget section */
		44209BC126FC8A1A00C11555 /* Clynical */ = {
			isa = PBXNativeTarget;
			buildConfigurationList = 44209BD626FC8A2300C11555 /* Build configuration list for PBXNativeTarget "Clynical" */;
			buildPhases = (
				29C78858F1DDCBAA6D517ADE /* [CP] Check Pods Manifest.lock */,
				44209BBE26FC8A1A00C11555 /* Sources */,
				44209BBF26FC8A1A00C11555 /* Frameworks */,
				44209BC026FC8A1A00C11555 /* Resources */,
				19B6403F3153EEA8E65F1C7D /* [CP] Embed Pods Frameworks */,
			);
			buildRules = (
			);
			dependencies = (
			);
			name = Clynical;
			productName = Clynical;
			productReference = 44209BC226FC8A1A00C11555 /* Clynical.app */;
			productType = "com.apple.product-type.application";
		};
/* End PBXNativeTarget section */

/* Begin PBXProject section */
		44209BBA26FC8A1A00C11555 /* Project object */ = {
			isa = PBXProject;
			attributes = {
				LastSwiftUpdateCheck = 1250;
				LastUpgradeCheck = 1250;
				TargetAttributes = {
					44209BC126FC8A1A00C11555 = {
						CreatedOnToolsVersion = 12.5.1;
					};
				};
			};
			buildConfigurationList = 44209BBD26FC8A1A00C11555 /* Build configuration list for PBXProject "Clynical" */;
			compatibilityVersion = "Xcode 9.3";
			developmentRegion = en;
			hasScannedForEncodings = 0;
			knownRegions = (
				en,
				Base,
			);
			mainGroup = 44209BB926FC8A1A00C11555;
			productRefGroup = 44209BC326FC8A1A00C11555 /* Products */;
			projectDirPath = "";
			projectRoot = "";
			targets = (
				44209BC126FC8A1A00C11555 /* Clynical */,
			);
		};
/* End PBXProject section */

/* Begin PBXResourcesBuildPhase section */
		44209BC026FC8A1A00C11555 /* Resources */ = {
			isa = PBXResourcesBuildPhase;
			buildActionMask = 2147483647;
			files = (
				44209BD226FC8A2200C11555 /* LaunchScreen.storyboard in Resources */,
				44BF06CA2708BED300DEDA8D /* GoogleService-Info.plist in Resources */,
				44209BCF26FC8A2200C11555 /* Assets.xcassets in Resources */,
				44209BCD26FC8A1A00C11555 /* Main.storyboard in Resources */,
			);
			runOnlyForDeploymentPostprocessing = 0;
		};
/* End PBXResourcesBuildPhase section */

/* Begin PBXShellScriptBuildPhase section */
		19B6403F3153EEA8E65F1C7D /* [CP] Embed Pods Frameworks */ = {
			isa = PBXShellScriptBuildPhase;
			buildActionMask = 2147483647;
			files = (
			);
			inputFileListPaths = (
				"${PODS_ROOT}/Target Support Files/Pods-Clynical/Pods-Clynical-frameworks-${CONFIGURATION}-input-files.xcfilelist",
			);
			name = "[CP] Embed Pods Frameworks";
			outputFileListPaths = (
				"${PODS_ROOT}/Target Support Files/Pods-Clynical/Pods-Clynical-frameworks-${CONFIGURATION}-output-files.xcfilelist",
			);
			runOnlyForDeploymentPostprocessing = 0;
			shellPath = /bin/sh;
			shellScript = "\"${PODS_ROOT}/Target Support Files/Pods-Clynical/Pods-Clynical-frameworks.sh\"\n";
			showEnvVarsInLog = 0;
		};
		29C78858F1DDCBAA6D517ADE /* [CP] Check Pods Manifest.lock */ = {
			isa = PBXShellScriptBuildPhase;
			buildActionMask = 2147483647;
			files = (
			);
			inputFileListPaths = (
			);
			inputPaths = (
				"${PODS_PODFILE_DIR_PATH}/Podfile.lock",
				"${PODS_ROOT}/Manifest.lock",
			);
			name = "[CP] Check Pods Manifest.lock";
			outputFileListPaths = (
			);
			outputPaths = (
				"$(DERIVED_FILE_DIR)/Pods-Clynical-checkManifestLockResult.txt",
			);
			runOnlyForDeploymentPostprocessing = 0;
			shellPath = /bin/sh;
			shellScript = "diff \"${PODS_PODFILE_DIR_PATH}/Podfile.lock\" \"${PODS_ROOT}/Manifest.lock\" > /dev/null\nif [ $? != 0 ] ; then\n    # print error to STDERR\n    echo \"error: The sandbox is not in sync with the Podfile.lock. Run 'pod install' or update your CocoaPods installation.\" >&2\n    exit 1\nfi\n# This output is used by Xcode 'outputs' to avoid re-running this script phase.\necho \"SUCCESS\" > \"${SCRIPT_OUTPUT_FILE_0}\"\n";
			showEnvVarsInLog = 0;
		};
/* End PBXShellScriptBuildPhase section */

/* Begin PBXSourcesBuildPhase section */
		44209BBE26FC8A1A00C11555 /* Sources */ = {
			isa = PBXSourcesBuildPhase;
			buildActionMask = 2147483647;
			files = (
				44209BCA26FC8A1A00C11555 /* HomeViewController.swift in Sources */,
				442A830B2708CA02006D2082 /* DatabaseManager.swift in Sources */,
				44339FEE270B77080030F2EB /* StartUpViewController.swift in Sources */,
				447B4F52270767BB0084FC98 /* EditMedViewController.swift in Sources */,
				442A830D2708CA35006D2082 /* StorageManager.swift in Sources */,
				44209BC626FC8A1A00C11555 /* AppDelegate.swift in Sources */,
				447B4F4C2707651F0084FC98 /* LogInViewController.swift in Sources */,
				447B4F50270767AF0084FC98 /* AddMedViewController.swift in Sources */,
				44209BC826FC8A1A00C11555 /* SceneDelegate.swift in Sources */,
				447B4F4E270765360084FC98 /* RegistrationViewController.swift in Sources */,
				447B4F452707647C0084FC98 /* MedsViewController.swift in Sources */,
				447B4F47270764990084FC98 /* JournalViewController.swift in Sources */,
				442A83092708C925006D2082 /* AuthManager.swift in Sources */,
			);
			runOnlyForDeploymentPostprocessing = 0;
		};
/* End PBXSourcesBuildPhase section */

/* Begin PBXVariantGroup section */
		44209BCB26FC8A1A00C11555 /* Main.storyboard */ = {
			isa = PBXVariantGroup;
			children = (
				44209BCC26FC8A1A00C11555 /* Base */,
			);
			name = Main.storyboard;
			sourceTree = "<group>";
		};
		44209BD026FC8A2200C11555 /* LaunchScreen.storyboard */ = {
			isa = PBXVariantGroup;
			children = (
				44209BD126FC8A2200C11555 /* Base */,
			);
			name = LaunchScreen.storyboard;
			sourceTree = "<group>";
		};
/* End PBXVariantGroup section */

/* Begin XCBuildConfiguration section */
		44209BD426FC8A2200C11555 /* Debug */ = {
			isa = XCBuildConfiguration;
			buildSettings = {
				ALWAYS_SEARCH_USER_PATHS = NO;
				CLANG_ANALYZER_NONNULL = YES;
				CLANG_ANALYZER_NUMBER_OBJECT_CONVERSION = YES_AGGRESSIVE;
				CLANG_CXX_LANGUAGE_STANDARD = "gnu++14";
				CLANG_CXX_LIBRARY = "libc++";
				CLANG_ENABLE_MODULES = YES;
				CLANG_ENABLE_OBJC_ARC = YES;
				CLANG_ENABLE_OBJC_WEAK = YES;
				CLANG_WARN_BLOCK_CAPTURE_AUTORELEASING = YES;
				CLANG_WARN_BOOL_CONVERSION = YES;
				CLANG_WARN_COMMA = YES;
				CLANG_WARN_CONSTANT_CONVERSION = YES;
				CLANG_WARN_DEPRECATED_OBJC_IMPLEMENTATIONS = YES;
				CLANG_WARN_DIRECT_OBJC_ISA_USAGE = YES_ERROR;
				CLANG_WARN_DOCUMENTATION_COMMENTS = YES;
				CLANG_WARN_EMPTY_BODY = YES;
				CLANG_WARN_ENUM_CONVERSION = YES;
				CLANG_WARN_INFINITE_RECURSION = YES;
				CLANG_WARN_INT_CONVERSION = YES;
				CLANG_WARN_NON_LITERAL_NULL_CONVERSION = YES;
				CLANG_WARN_OBJC_IMPLICIT_RETAIN_SELF = YES;
				CLANG_WARN_OBJC_LITERAL_CONVERSION = YES;
				CLANG_WARN_OBJC_ROOT_CLASS = YES_ERROR;
				CLANG_WARN_QUOTED_INCLUDE_IN_FRAMEWORK_HEADER = YES;
				CLANG_WARN_RANGE_LOOP_ANALYSIS = YES;
				CLANG_WARN_STRICT_PROTOTYPES = YES;
				CLANG_WARN_SUSPICIOUS_MOVE = YES;
				CLANG_WARN_UNGUARDED_AVAILABILITY = YES_AGGRESSIVE;
				CLANG_WARN_UNREACHABLE_CODE = YES;
				CLANG_WARN__DUPLICATE_METHOD_MATCH = YES;
				COPY_PHASE_STRIP = NO;
				DEBUG_INFORMATION_FORMAT = dwarf;
				ENABLE_STRICT_OBJC_MSGSEND = YES;
				ENABLE_TESTABILITY = YES;
				GCC_C_LANGUAGE_STANDARD = gnu11;
				GCC_DYNAMIC_NO_PIC = NO;
				GCC_NO_COMMON_BLOCKS = YES;
				GCC_OPTIMIZATION_LEVEL = 0;
				GCC_PREPROCESSOR_DEFINITIONS = (
					"DEBUG=1",
					"$(inherited)",
				);
				GCC_WARN_64_TO_32_BIT_CONVERSION = YES;
				GCC_WARN_ABOUT_RETURN_TYPE = YES_ERROR;
				GCC_WARN_UNDECLARED_SELECTOR = YES;
				GCC_WARN_UNINITIALIZED_AUTOS = YES_AGGRESSIVE;
				GCC_WARN_UNUSED_FUNCTION = YES;
				GCC_WARN_UNUSED_VARIABLE = YES;
				IPHONEOS_DEPLOYMENT_TARGET = 14.5;
				MTL_ENABLE_DEBUG_INFO = INCLUDE_SOURCE;
				MTL_FAST_MATH = YES;
				ONLY_ACTIVE_ARCH = YES;
				SDKROOT = iphoneos;
				SWIFT_ACTIVE_COMPILATION_CONDITIONS = DEBUG;
				SWIFT_OPTIMIZATION_LEVEL = "-Onone";
			};
			name = Debug;
		};
		44209BD526FC8A2200C11555 /* Release */ = {
			isa = XCBuildConfiguration;
			buildSettings = {
				ALWAYS_SEARCH_USER_PATHS = NO;
				CLANG_ANALYZER_NONNULL = YES;
				CLANG_ANALYZER_NUMBER_OBJECT_CONVERSION = YES_AGGRESSIVE;
				CLANG_CXX_LANGUAGE_STANDARD = "gnu++14";
				CLANG_CXX_LIBRARY = "libc++";
				CLANG_ENABLE_MODULES = YES;
				CLANG_ENABLE_OBJC_ARC = YES;
				CLANG_ENABLE_OBJC_WEAK = YES;
				CLANG_WARN_BLOCK_CAPTURE_AUTORELEASING = YES;
				CLANG_WARN_BOOL_CONVERSION = YES;
				CLANG_WARN_COMMA = YES;
				CLANG_WARN_CONSTANT_CONVERSION = YES;
				CLANG_WARN_DEPRECATED_OBJC_IMPLEMENTATIONS = YES;
				CLANG_WARN_DIRECT_OBJC_ISA_USAGE = YES_ERROR;
				CLANG_WARN_DOCUMENTATION_COMMENTS = YES;
				CLANG_WARN_EMPTY_BODY = YES;
				CLANG_WARN_ENUM_CONVERSION = YES;
				CLANG_WARN_INFINITE_RECURSION = YES;
				CLANG_WARN_INT_CONVERSION = YES;
				CLANG_WARN_NON_LITERAL_NULL_CONVERSION = YES;
				CLANG_WARN_OBJC_IMPLICIT_RETAIN_SELF = YES;
				CLANG_WARN_OBJC_LITERAL_CONVERSION = YES;
				CLANG_WARN_OBJC_ROOT_CLASS = YES_ERROR;
				CLANG_WARN_QUOTED_INCLUDE_IN_FRAMEWORK_HEADER = YES;
				CLANG_WARN_RANGE_LOOP_ANALYSIS = YES;
				CLANG_WARN_STRICT_PROTOTYPES = YES;
				CLANG_WARN_SUSPICIOUS_MOVE = YES;
				CLANG_WARN_UNGUARDED_AVAILABILITY = YES_AGGRESSIVE;
				CLANG_WARN_UNREACHABLE_CODE = YES;
				CLANG_WARN__DUPLICATE_METHOD_MATCH = YES;
				COPY_PHASE_STRIP = NO;
				DEBUG_INFORMATION_FORMAT = "dwarf-with-dsym";
				ENABLE_NS_ASSERTIONS = NO;
				ENABLE_STRICT_OBJC_MSGSEND = YES;
				GCC_C_LANGUAGE_STANDARD = gnu11;
				GCC_NO_COMMON_BLOCKS = YES;
				GCC_WARN_64_TO_32_BIT_CONVERSION = YES;
				GCC_WARN_ABOUT_RETURN_TYPE = YES_ERROR;
				GCC_WARN_UNDECLARED_SELECTOR = YES;
				GCC_WARN_UNINITIALIZED_AUTOS = YES_AGGRESSIVE;
				GCC_WARN_UNUSED_FUNCTION = YES;
				GCC_WARN_UNUSED_VARIABLE = YES;
				IPHONEOS_DEPLOYMENT_TARGET = 14.5;
				MTL_ENABLE_DEBUG_INFO = NO;
				MTL_FAST_MATH = YES;
				SDKROOT = iphoneos;
				SWIFT_COMPILATION_MODE = wholemodule;
				SWIFT_OPTIMIZATION_LEVEL = "-O";
				VALIDATE_PRODUCT = YES;
			};
			name = Release;
		};
		44209BD726FC8A2300C11555 /* Debug */ = {
			isa = XCBuildConfiguration;
			baseConfigurationReference = 6F086CBA4F9A9DF627F24BAC /* Pods-Clynical.debug.xcconfig */;
			buildSettings = {
				ASSETCATALOG_COMPILER_APPICON_NAME = AppIcon;
				ASSETCATALOG_COMPILER_GLOBAL_ACCENT_COLOR_NAME = AccentColor;
				CODE_SIGN_STYLE = Automatic;
				DEVELOPMENT_TEAM = U6JF3QHKHZ;
				INFOPLIST_FILE = Clynical/Resources/Info.plist;
				LD_RUNPATH_SEARCH_PATHS = (
					"$(inherited)",
					"@executable_path/Frameworks",
				);
				PRODUCT_BUNDLE_IDENTIFIER = clynical.Clynical;
				PRODUCT_NAME = "$(TARGET_NAME)";
				SWIFT_VERSION = 5.0;
				TARGETED_DEVICE_FAMILY = "1,2";
			};
			name = Debug;
		};
		44209BD826FC8A2300C11555 /* Release */ = {
			isa = XCBuildConfiguration;
			baseConfigurationReference = 6F3B5D533DD00E3EED6EAE6E /* Pods-Clynical.release.xcconfig */;
			buildSettings = {
				ASSETCATALOG_COMPILER_APPICON_NAME = AppIcon;
				ASSETCATALOG_COMPILER_GLOBAL_ACCENT_COLOR_NAME = AccentColor;
				CODE_SIGN_STYLE = Automatic;
				DEVELOPMENT_TEAM = U6JF3QHKHZ;
				INFOPLIST_FILE = Clynical/Resources/Info.plist;
				LD_RUNPATH_SEARCH_PATHS = (
					"$(inherited)",
					"@executable_path/Frameworks",
				);
				PRODUCT_BUNDLE_IDENTIFIER = clynical.Clynical;
				PRODUCT_NAME = "$(TARGET_NAME)";
				SWIFT_VERSION = 5.0;
				TARGETED_DEVICE_FAMILY = "1,2";
			};
			name = Release;
		};
/* End XCBuildConfiguration section */

/* Begin XCConfigurationList section */
		44209BBD26FC8A1A00C11555 /* Build configuration list for PBXProject "Clynical" */ = {
			isa = XCConfigurationList;
			buildConfigurations = (
				44209BD426FC8A2200C11555 /* Debug */,
				44209BD526FC8A2200C11555 /* Release */,
			);
			defaultConfigurationIsVisible = 0;
			defaultConfigurationName = Release;
		};
		44209BD626FC8A2300C11555 /* Build configuration list for PBXNativeTarget "Clynical" */ = {
			isa = XCConfigurationList;
			buildConfigurations = (
				44209BD726FC8A2300C11555 /* Debug */,
				44209BD826FC8A2300C11555 /* Release */,
			);
			defaultConfigurationIsVisible = 0;
			defaultConfigurationName = Release;
		};
/* End XCConfigurationList section */
	};
	rootObject = 44209BBA26FC8A1A00C11555 /* Project object */;
}
